
Microsoft Visual Studio Solution File, Format Version 12.00
# Visual Studio Version 17
VisualStudioVersion = 17.9.34728.123
MinimumVisualStudioVersion = 10.0.40219.1
Project("{9A19103F-16F7-4668-BE54-9A1E7A4F7556}") = "EJERCICIO1", "EJERCICIO1\EJERCICIO1.csproj", "{4EE90936-C3B6-49C4-B4A6-F20D8F755A11}"
EndProject
Project("{9A19103F-16F7-4668-BE54-9A1E7A4F7556}") = "EJERCICIO2", "EJERCICIO2\EJERCICIO2.csproj", "{E336EF6B-AE67-4097-A1B5-8D0CE6EDE6E5}"
EndProject
Project("{FAE04EC0-301F-11D3-BF4B-00C04F79EFBC}") = "EJERCICIO3", "EJERCICIO3\EJERCICIO3.csproj", "{FF2E139E-4CE3-4BEB-A15B-5990F49EE808}"
EndProject
Project("{FAE04EC0-301F-11D3-BF4B-00C04F79EFBC}") = "EJERCICIO4", "EJERCICIO4\EJERCICIO4.csproj", "{A534BBB3-4B91-49A0-83A6-A75BA6F910DB}"
EndProject
Project("{FAE04EC0-301F-11D3-BF4B-00C04F79EFBC}") = "EJERCICIO5", "EJERCICIO5\EJERCICIO5.csproj", "{02635743-390C-49BB-8B1D-B98EF755B4DC}"
EndProject
Project("{FAE04EC0-301F-11D3-BF4B-00C04F79EFBC}") = "EJERCICIO6", "EJERCICIO6\EJERCICIO6.csproj", "{F9F47731-495D-4C6E-9E8A-46D12382F862}"
EndProject
Project("{FAE04EC0-301F-11D3-BF4B-00C04F79EFBC}") = "EJERCICIO7", "EJERCICIO7\EJERCICIO7.csproj", "{48E27DEB-9820-42E2-9288-99DA5F64E769}"
EndProject
Project("{FAE04EC0-301F-11D3-BF4B-00C04F79EFBC}") = "EJERCICIO8", "EJERCICIO8\EJERCICIO8.csproj", "{8BB65FA6-B03D-49F6-941B-BE15418D43F1}"
EndProject
Project("{FAE04EC0-301F-11D3-BF4B-00C04F79EFBC}") = "EJERCICIO9", "EJERCICIO9\EJERCICIO9.csproj", "{41D401E7-6E9D-4BFD-87F9-6A580C403386}"
EndProject
Global
	GlobalSection(SolutionConfigurationPlatforms) = preSolution
		Debug|Any CPU = Debug|Any CPU
		Release|Any CPU = Release|Any CPU
	EndGlobalSection
	GlobalSection(ProjectConfigurationPlatforms) = postSolution
		{4EE90936-C3B6-49C4-B4A6-F20D8F755A11}.Debug|Any CPU.ActiveCfg = Debug|Any CPU
		{4EE90936-C3B6-49C4-B4A6-F20D8F755A11}.Debug|Any CPU.Build.0 = Debug|Any CPU
		{4EE90936-C3B6-49C4-B4A6-F20D8F755A11}.Release|Any CPU.ActiveCfg = Release|Any CPU
		{4EE90936-C3B6-49C4-B4A6-F20D8F755A11}.Release|Any CPU.Build.0 = Release|Any CPU
		{E336EF6B-AE67-4097-A1B5-8D0CE6EDE6E5}.Debug|Any CPU.ActiveCfg = Debug|Any CPU
		{E336EF6B-AE67-4097-A1B5-8D0CE6EDE6E5}.Debug|Any CPU.Build.0 = Debug|Any CPU
		{E336EF6B-AE67-4097-A1B5-8D0CE6EDE6E5}.Release|Any CPU.ActiveCfg = Release|Any CPU
		{E336EF6B-AE67-4097-A1B5-8D0CE6EDE6E5}.Release|Any CPU.Build.0 = Release|Any CPU
		{FF2E139E-4CE3-4BEB-A15B-5990F49EE808}.Debug|Any CPU.ActiveCfg = Debug|Any CPU
		{FF2E139E-4CE3-4BEB-A15B-5990F49EE808}.Debug|Any CPU.Build.0 = Debug|Any CPU
		{FF2E139E-4CE3-4BEB-A15B-5990F49EE808}.Release|Any CPU.ActiveCfg = Release|Any CPU
		{FF2E139E-4CE3-4BEB-A15B-5990F49EE808}.Release|Any CPU.Build.0 = Release|Any CPU
		{A534BBB3-4B91-49A0-83A6-A75BA6F910DB}.Debug|Any CPU.ActiveCfg = Debug|Any CPU
		{A534BBB3-4B91-49A0-83A6-A75BA6F910DB}.Debug|Any CPU.Build.0 = Debug|Any CPU
		{A534BBB3-4B91-49A0-83A6-A75BA6F910DB}.Release|Any CPU.ActiveCfg = Release|Any CPU
		{A534BBB3-4B91-49A0-83A6-A75BA6F910DB}.Release|Any CPU.Build.0 = Release|Any CPU
		{02635743-390C-49BB-8B1D-B98EF755B4DC}.Debug|Any CPU.ActiveCfg = Debug|Any CPU
		{02635743-390C-49BB-8B1D-B98EF755B4DC}.Debug|Any CPU.Build.0 = Debug|Any CPU
		{02635743-390C-49BB-8B1D-B98EF755B4DC}.Release|Any CPU.ActiveCfg = Release|Any CPU
		{02635743-390C-49BB-8B1D-B98EF755B4DC}.Release|Any CPU.Build.0 = Release|Any CPU
		{F9F47731-495D-4C6E-9E8A-46D12382F862}.Debug|Any CPU.ActiveCfg = Debug|Any CPU
		{F9F47731-495D-4C6E-9E8A-46D12382F862}.Debug|Any CPU.Build.0 = Debug|Any CPU
		{F9F47731-495D-4C6E-9E8A-46D12382F862}.Release|Any CPU.ActiveCfg = Release|Any CPU
		{F9F47731-495D-4C6E-9E8A-46D12382F862}.Release|Any CPU.Build.0 = Release|Any CPU
		{48E27DEB-9820-42E2-9288-99DA5F64E769}.Debug|Any CPU.ActiveCfg = Debug|Any CPU
		{48E27DEB-9820-42E2-9288-99DA5F64E769}.Debug|Any CPU.Build.0 = Debug|Any CPU
		{48E27DEB-9820-42E2-9288-99DA5F64E769}.Release|Any CPU.ActiveCfg = Release|Any CPU
		{48E27DEB-9820-42E2-9288-99DA5F64E769}.Release|Any CPU.Build.0 = Release|Any CPU
		{8BB65FA6-B03D-49F6-941B-BE15418D43F1}.Debug|Any CPU.ActiveCfg = Debug|Any CPU
		{8BB65FA6-B03D-49F6-941B-BE15418D43F1}.Debug|Any CPU.Build.0 = Debug|Any CPU
		{8BB65FA6-B03D-49F6-941B-BE15418D43F1}.Release|Any CPU.ActiveCfg = Release|Any CPU
		{8BB65FA6-B03D-49F6-941B-BE15418D43F1}.Release|Any CPU.Build.0 = Release|Any CPU
		{41D401E7-6E9D-4BFD-87F9-6A580C403386}.Debug|Any CPU.ActiveCfg = Debug|Any CPU
		{41D401E7-6E9D-4BFD-87F9-6A580C403386}.Debug|Any CPU.Build.0 = Debug|Any CPU
		{41D401E7-6E9D-4BFD-87F9-6A580C403386}.Release|Any CPU.ActiveCfg = Release|Any CPU
		{41D401E7-6E9D-4BFD-87F9-6A580C403386}.Release|Any CPU.Build.0 = Release|Any CPU
	EndGlobalSection
	GlobalSection(SolutionProperties) = preSolution
		HideSolutionNode = FALSE
	EndGlobalSection
	GlobalSection(ExtensibilityGlobals) = postSolution
		SolutionGuid = {25C8CB45-3196-4A1E-B168-03FACFCC2F74}
	EndGlobalSection
EndGlobal
